# THIS IS AN AUTOGENERATED FILE. DO NOT EDIT THIS FILE DIRECTLY.
# yarn lockfile v1


solady@^0.0.153:
  version "0.0.153"
  resolved "https://registry.yarnpkg.com/solady/-/solady-0.0.153.tgz#66c1abe3d9e816f7b458c3d0f550ccaa2b70c8c9"
  integrity sha512-KLhK3/2UlwkITtTXT7VxbKKAUxrisFcL88WUkfrMkPlr0lPr1NN5/F55ZisbjKtZb4FEIR4jnsf/CEI9JjR+1g==
